
Microsoft Visual Studio Solution File, Format Version 12.00
# Visual Studio 15
VisualStudioVersion = 15.0.27130.2024
MinimumVisualStudioVersion = 10.0.40219.1
Project("{FAE04EC0-301F-11D3-BF4B-00C04F79EFBC}") = "Airports", "Airports\Airports.csproj", "{720E5D7E-9078-427A-89FC-107F61797B4B}"
EndProject
Global
	GlobalSection(SolutionConfigurationPlatforms) = preSolution
		Debug|Any CPU = Debug|Any CPU
		Release|Any CPU = Release|Any CPU
	EndGlobalSection
	GlobalSection(ProjectConfigurationPlatforms) = postSolution
		{720E5D7E-9078-427A-89FC-107F61797B4B}.Debug|Any CPU.ActiveCfg = Debug|Any CPU
		{720E5D7E-9078-427A-89FC-107F61797B4B}.Debug|Any CPU.Build.0 = Debug|Any CPU
		{720E5D7E-9078-427A-89FC-107F61797B4B}.Release|Any CPU.ActiveCfg = Release|Any CPU
		{720E5D7E-9078-427A-89FC-107F61797B4B}.Release|Any CPU.Build.0 = Release|Any CPU
	EndGlobalSection
	GlobalSection(SolutionProperties) = preSolution
		HideSolutionNode = FALSE
	EndGlobalSection
	GlobalSection(ExtensibilityGlobals) = postSolution
		SolutionGuid = {7882CB1F-0D1C-48CA-A4E1-EE0270702F7E}
	EndGlobalSection
EndGlobal
